{
  "name": "@droplet/python",
  "lockfileVersion": 3,
  "requires": true,
  "packages": {
    "": {
      "name": "@droplet/python",
      "dependencies": {
        "@droplet/core": "file:../core"
      },
      "engines": {
        "node": ">=22"
      }
    },
    "../core": {
      "name": "@droplet/core"
    },
    "node_modules/@droplet/core": {
      "resolved": "../core",
      "link": true
    }
  }
}
