{
  "name": "@droplet/python-adapter",
  "lockfileVersion": 3,
  "requires": true,
  "packages": {
    "": {
      "name": "@droplet/python-adapter",
      "dependencies": {
        "@droplet/core": "file:../core"
      },
      "engines": {
        "node": ">=22"
      }
    },
    "../codemirror-editor": {
      "name": "@droplet/codemirror-editor",
      "extraneous": true,
      "dependencies": {
        "@codemirror/commands": "6.11.0",
        "@codemirror/lang-javascript": "6.2.4",
        "@codemirror/state": "6.7.1",
        "@codemirror/view": "6.43.9",
        "@droplet/core": "file:../core"
      },
      "devDependencies": {
        "jsdom": "30.0.1"
      },
      "engines": {
        "node": ">=22"
      }
    },
    "../core": {
      "name": "@droplet/core"
    },
    "node_modules/@droplet/core": {
      "resolved": "../core",
      "link": true
    }
  }
}
